
Microsoft Visual Studio Solution File, Format Version 12.00
# Visual Studio Version 17
VisualStudioVersion = 17.3.32901.215
MinimumVisualStudioVersion = 10.0.40219.1
Project("{FAE04EC0-301F-11D3-BF4B-00C04F79EFBC}") = "WindowsFormsApp18", "WindowsFormsApp18\WindowsFormsApp18.csproj", "{BE230BD2-44F8-4B6D-A304-D5CC13EA2A6B}"
EndProject
Global
	GlobalSection(SolutionConfigurationPlatforms) = preSolution
		Debug|Any CPU = Debug|Any CPU
		Release|Any CPU = Release|Any CPU
	EndGlobalSection
	GlobalSection(ProjectConfigurationPlatforms) = postSolution
		{BE230BD2-44F8-4B6D-A304-D5CC13EA2A6B}.Debug|Any CPU.ActiveCfg = Debug|Any CPU
		{BE230BD2-44F8-4B6D-A304-D5CC13EA2A6B}.Debug|Any CPU.Build.0 = Debug|Any CPU
		{BE230BD2-44F8-4B6D-A304-D5CC13EA2A6B}.Release|Any CPU.ActiveCfg = Release|Any CPU
		{BE230BD2-44F8-4B6D-A304-D5CC13EA2A6B}.Release|Any CPU.Build.0 = Release|Any CPU
	EndGlobalSection
	GlobalSection(SolutionProperties) = preSolution
		HideSolutionNode = FALSE
	EndGlobalSection
	GlobalSection(ExtensibilityGlobals) = postSolution
		SolutionGuid = {C2BE36DA-960E-4EE2-823A-C2E8A00ED2F9}
	EndGlobalSection
EndGlobal
